# THIS IS AN AUTOGENERATED FILE. DO NOT EDIT THIS FILE DIRECTLY.
# yarn lockfile v1


"@gridsome/transformer-json@^0.2.1":
  version "0.2.1"
  resolved "https://registry.yarnpkg.com/@gridsome/transformer-json/-/transformer-json-0.2.1.tgz#76989b964ff5a13e7f64e1e59bcfca80c8bc0114"
  integrity sha512-W/pFbjq+K3ftUK4aDa8zuqHq7jGSpDCUyvbH++m+5HMwTbe3eB2FLC7x2guGXzpw/jwHO1ukkZExecsMkAAibw==
  dependencies:
    json-parse-better-errors "^1.0.2"

charenc@~0.0.1:
  version "0.0.2"
  resolved "https://registry.yarnpkg.com/charenc/-/charenc-0.0.2.tgz#c0a1d2f3a7092e03774bfa83f14c0fc5790a8667"
  integrity sha1-wKHS86cJLgN3S/qD8UwPxXkKhmc=

crypt@~0.0.1:
  version "0.0.2"
  resolved "https://registry.yarnpkg.com/crypt/-/crypt-0.0.2.tgz#88d7ff7ec0dfb86f713dc87bbb42d044d3e6c41b"
  integrity sha1-iNf/fsDfuG9xPch7u0LQRNPmxBs=

imgix-core-js@^2.2.1:
  version "2.2.1"
  resolved "https://registry.yarnpkg.com/imgix-core-js/-/imgix-core-js-2.2.1.tgz#12886b63316888cda4a8c46afc8136eff20ab331"
  integrity sha512-hRdsrNGxYkdLy4MKQwtQ9vZg9wUWwKOz4TukD6qgOlFQYsNx9oVi0bIcDd23uWwyIV9OM0DW0rDvDoe3z7GodA==
  dependencies:
    js-base64 "^2.1.9"
    md5 "^2.2.1"

imgix-json@../imgix-json:
  version "0.0.1"
  dependencies:
    imgix-core-js "^2.2.1"

is-buffer@~1.1.1:
  version "1.1.6"
  resolved "https://registry.yarnpkg.com/is-buffer/-/is-buffer-1.1.6.tgz#efaa2ea9daa0d7ab2ea13a97b2b8ad51fefbe8be"
  integrity sha512-NcdALwpXkTm5Zvvbk7owOUSvVvBKDgKP5/ewfXEznmQFfs4ZRmanOeKBTjRVjka3QFoN6XJ+9F3USqfHqTaU5w==

js-base64@^2.1.9:
  version "2.5.1"
  resolved "https://registry.yarnpkg.com/js-base64/-/js-base64-2.5.1.tgz#1efa39ef2c5f7980bb1784ade4a8af2de3291121"
  integrity sha512-M7kLczedRMYX4L8Mdh4MzyAMM9O5osx+4FcOQuTvr3A9F2D9S5JXheN0ewNbrvK2UatkTRhL5ejGmGSjNMiZuw==

json-parse-better-errors@^1.0.2:
  version "1.0.2"
  resolved "https://registry.yarnpkg.com/json-parse-better-errors/-/json-parse-better-errors-1.0.2.tgz#bb867cfb3450e69107c131d1c514bab3dc8bcaa9"
  integrity sha512-mrqyZKfX5EhL7hvqcV6WG1yYjnjeuYDzDhhcAAUrq8Po85NBQBJP+ZDUT75qZQ98IkUoBqdkExkukOU7Ts2wrw==

md5@^2.2.1:
  version "2.2.1"
  resolved "https://registry.yarnpkg.com/md5/-/md5-2.2.1.tgz#53ab38d5fe3c8891ba465329ea23fac0540126f9"
  integrity sha1-U6s41f48iJG6RlMp6iP6wFQBJvk=
  dependencies:
    charenc "~0.0.1"
    crypt "~0.0.1"
    is-buffer "~1.1.1"
